// !$*UTF8*$!
{
	archiveVersion = 1;
	classes = {
	};
	objectVersion = 55;
	objects = {

/* Begin PBXBuildFile section */
		C933215C285C229700F1AF7A /* PointsView.swift in Sources */ = {isa = PBXBuildFile; fileRef = C933215B285C229700F1AF7A /* PointsView.swift */; };
		C940224C28568AE90056A936 /* DirectHitApp.swift in Sources */ = {isa = PBXBuildFile; fileRef = C940224B28568AE90056A936 /* DirectHitApp.swift */; };
		C940224E28568AE90056A936 /* ContentView.swift in Sources */ = {isa = PBXBuildFile; fileRef = C940224D28568AE90056A936 /* ContentView.swift */; };
		C940225028568AE90056A936 /* Assets.xcassets in Resources */ = {isa = PBXBuildFile; fileRef = C940224F28568AE90056A936 /* Assets.xcassets */; };
		C940225328568AE90056A936 /* Preview Assets.xcassets in Resources */ = {isa = PBXBuildFile; fileRef = C940225228568AE90056A936 /* Preview Assets.xcassets */; };
		C940225D28568AE90056A936 /* DirectHitTests.swift in Sources */ = {isa = PBXBuildFile; fileRef = C940225C28568AE90056A936 /* DirectHitTests.swift */; };
		C940226728568AE90056A936 /* DirectHitUITests.swift in Sources */ = {isa = PBXBuildFile; fileRef = C940226628568AE90056A936 /* DirectHitUITests.swift */; };
		C940226928568AE90056A936 /* DirectHitUITestsLaunchTests.swift in Sources */ = {isa = PBXBuildFile; fileRef = C940226828568AE90056A936 /* DirectHitUITestsLaunchTests.swift */; };
		C94022782856AEF40056A936 /* Game.swift in Sources */ = {isa = PBXBuildFile; fileRef = C94022772856AEF40056A936 /* Game.swift */; };
		C9B151AE28581353003294DB /* TextViews.swift in Sources */ = {isa = PBXBuildFile; fileRef = C9B151AD28581353003294DB /* TextViews.swift */; };
		C9B151B028583A89003294DB /* RoundedViews.swift in Sources */ = {isa = PBXBuildFile; fileRef = C9B151AF28583A89003294DB /* RoundedViews.swift */; };
		C9B151B228583E22003294DB /* BackgroundView.swift in Sources */ = {isa = PBXBuildFile; fileRef = C9B151B128583E22003294DB /* BackgroundView.swift */; };
		C9F7012B285D4F4000D22A00 /* Constants.swift in Sources */ = {isa = PBXBuildFile; fileRef = C9F7012A285D4F4000D22A00 /* Constants.swift */; };
/* End PBXBuildFile section */

/* Begin PBXContainerItemProxy section */
		C940225928568AE90056A936 /* PBXContainerItemProxy */ = {
			isa = PBXContainerItemProxy;
			containerPortal = C940224028568AE90056A936 /* Project object */;
			proxyType = 1;
			remoteGlobalIDString = C940224728568AE90056A936;
			remoteInfo = DirectHit;
		};
		C940226328568AE90056A936 /* PBXContainerItemProxy */ = {
			isa = PBXContainerItemProxy;
			containerPortal = C940224028568AE90056A936 /* Project object */;
			proxyType = 1;
			remoteGlobalIDString = C940224728568AE90056A936;
			remoteInfo = DirectHit;
		};
/* End PBXContainerItemProxy section */

/* Begin PBXFileReference section */
		C933215B285C229700F1AF7A /* PointsView.swift */ = {isa = PBXFileReference; lastKnownFileType = sourcecode.swift; path = PointsView.swift; sourceTree = "<group>"; };
		C940224828568AE90056A936 /* DirectHit.app */ = {isa = PBXFileReference; explicitFileType = wrapper.application; includeInIndex = 0; path = DirectHit.app; sourceTree = BUILT_PRODUCTS_DIR; };
		C940224B28568AE90056A936 /* DirectHitApp.swift */ = {isa = PBXFileReference; lastKnownFileType = sourcecode.swift; path = DirectHitApp.swift; sourceTree = "<group>"; };
		C940224D28568AE90056A936 /* ContentView.swift */ = {isa = PBXFileReference; lastKnownFileType = sourcecode.swift; path = ContentView.swift; sourceTree = "<group>"; };
		C940224F28568AE90056A936 /* Assets.xcassets */ = {isa = PBXFileReference; lastKnownFileType = folder.assetcatalog; path = Assets.xcassets; sourceTree = "<group>"; };
		C940225228568AE90056A936 /* Preview Assets.xcassets */ = {isa = PBXFileReference; lastKnownFileType = folder.assetcatalog; path = "Preview Assets.xcassets"; sourceTree = "<group>"; };
		C940225828568AE90056A936 /* DirectHitTests.xctest */ = {isa = PBXFileReference; explicitFileType = wrapper.cfbundle; includeInIndex = 0; path = DirectHitTests.xctest; sourceTree = BUILT_PRODUCTS_DIR; };
		C940225C28568AE90056A936 /* DirectHitTests.swift */ = {isa = PBXFileReference; lastKnownFileType = sourcecode.swift; path = DirectHitTests.swift; sourceTree = "<group>"; };
		C940226228568AE90056A936 /* DirectHitUITests.xctest */ = {isa = PBXFileReference; explicitFileType = wrapper.cfbundle; includeInIndex = 0; path = DirectHitUITests.xctest; sourceTree = BUILT_PRODUCTS_DIR; };
		C940226628568AE90056A936 /* DirectHitUITests.swift */ = {isa = PBXFileReference; lastKnownFileType = sourcecode.swift; path = DirectHitUITests.swift; sourceTree = "<group>"; };
		C940226828568AE90056A936 /* DirectHitUITestsLaunchTests.swift */ = {isa = PBXFileReference; lastKnownFileType = sourcecode.swift; path = DirectHitUITestsLaunchTests.swift; sourceTree = "<group>"; };
		C94022772856AEF40056A936 /* Game.swift */ = {isa = PBXFileReference; lastKnownFileType = sourcecode.swift; path = Game.swift; sourceTree = "<group>"; };
		C9B151AD28581353003294DB /* TextViews.swift */ = {isa = PBXFileReference; lastKnownFileType = sourcecode.swift; path = TextViews.swift; sourceTree = "<group>"; };
		C9B151AF28583A89003294DB /* RoundedViews.swift */ = {isa = PBXFileReference; lastKnownFileType = sourcecode.swift; path = RoundedViews.swift; sourceTree = "<group>"; };
		C9B151B128583E22003294DB /* BackgroundView.swift */ = {isa = PBXFileReference; lastKnownFileType = sourcecode.swift; path = BackgroundView.swift; sourceTree = "<group>"; };
		C9F7012A285D4F4000D22A00 /* Constants.swift */ = {isa = PBXFileReference; lastKnownFileType = sourcecode.swift; path = Constants.swift; sourceTree = "<group>"; };
/* End PBXFileReference section */

/* Begin PBXFrameworksBuildPhase section */
		C940224528568AE90056A936 /* Frameworks */ = {
			isa = PBXFrameworksBuildPhase;
			buildActionMask = 2147483647;
			files = (
			);
			runOnlyForDeploymentPostprocessing = 0;
		};
		C940225528568AE90056A936 /* Frameworks */ = {
			isa = PBXFrameworksBuildPhase;
			buildActionMask = 2147483647;
			files = (
			);
			runOnlyForDeploymentPostprocessing = 0;
		};
		C940225F28568AE90056A936 /* Frameworks */ = {
			isa = PBXFrameworksBuildPhase;
			buildActionMask = 2147483647;
			files = (
			);
			runOnlyForDeploymentPostprocessing = 0;
		};
/* End PBXFrameworksBuildPhase section */

/* Begin PBXGroup section */
		C940223F28568AE90056A936 = {
			isa = PBXGroup;
			children = (
				C940224A28568AE90056A936 /* DirectHit */,
				C940225B28568AE90056A936 /* DirectHitTests */,
				C940226528568AE90056A936 /* DirectHitUITests */,
				C940224928568AE90056A936 /* Products */,
			);
			sourceTree = "<group>";
		};
		C940224928568AE90056A936 /* Products */ = {
			isa = PBXGroup;
			children = (
				C940224828568AE90056A936 /* DirectHit.app */,
				C940225828568AE90056A936 /* DirectHitTests.xctest */,
				C940226228568AE90056A936 /* DirectHitUITests.xctest */,
			);
			name = Products;
			sourceTree = "<group>";
		};
		C940224A28568AE90056A936 /* DirectHit */ = {
			isa = PBXGroup;
			children = (
				C94022762856AE000056A936 /* Views */,
				C94022752856ADF60056A936 /* Models */,
				C940224B28568AE90056A936 /* DirectHitApp.swift */,
				C940224F28568AE90056A936 /* Assets.xcassets */,
				C940225128568AE90056A936 /* Preview Content */,
			);
			path = DirectHit;
			sourceTree = "<group>";
		};
		C940225128568AE90056A936 /* Preview Content */ = {
			isa = PBXGroup;
			children = (
				C940225228568AE90056A936 /* Preview Assets.xcassets */,
			);
			path = "Preview Content";
			sourceTree = "<group>";
		};
		C940225B28568AE90056A936 /* DirectHitTests */ = {
			isa = PBXGroup;
			children = (
				C940225C28568AE90056A936 /* DirectHitTests.swift */,
			);
			path = DirectHitTests;
			sourceTree = "<group>";
		};
		C940226528568AE90056A936 /* DirectHitUITests */ = {
			isa = PBXGroup;
			children = (
				C940226628568AE90056A936 /* DirectHitUITests.swift */,
				C940226828568AE90056A936 /* DirectHitUITestsLaunchTests.swift */,
			);
			path = DirectHitUITests;
			sourceTree = "<group>";
		};
		C94022752856ADF60056A936 /* Models */ = {
			isa = PBXGroup;
			children = (
				C94022772856AEF40056A936 /* Game.swift */,
				C9F7012A285D4F4000D22A00 /* Constants.swift */,
			);
			path = Models;
			sourceTree = "<group>";
		};
		C94022762856AE000056A936 /* Views */ = {
			isa = PBXGroup;
			children = (
				C940224D28568AE90056A936 /* ContentView.swift */,
				C9B151AD28581353003294DB /* TextViews.swift */,
				C9B151AF28583A89003294DB /* RoundedViews.swift */,
				C9B151B128583E22003294DB /* BackgroundView.swift */,
				C933215B285C229700F1AF7A /* PointsView.swift */,
			);
			path = Views;
			sourceTree = "<group>";
		};
/* End PBXGroup section */

/* Begin PBXNativeTarget section */
		C940224728568AE90056A936 /* DirectHit */ = {
			isa = PBXNativeTarget;
			buildConfigurationList = C940226C28568AE90056A936 /* Build configuration list for PBXNativeTarget "DirectHit" */;
			buildPhases = (
				C940224428568AE90056A936 /* Sources */,
				C940224528568AE90056A936 /* Frameworks */,
				C940224628568AE90056A936 /* Resources */,
			);
			buildRules = (
			);
			dependencies = (
			);
			name = DirectHit;
			productName = DirectHit;
			productReference = C940224828568AE90056A936 /* DirectHit.app */;
			productType = "com.apple.product-type.application";
		};
		C940225728568AE90056A936 /* DirectHitTests */ = {
			isa = PBXNativeTarget;
			buildConfigurationList = C940226F28568AE90056A936 /* Build configuration list for PBXNativeTarget "DirectHitTests" */;
			buildPhases = (
				C940225428568AE90056A936 /* Sources */,
				C940225528568AE90056A936 /* Frameworks */,
				C940225628568AE90056A936 /* Resources */,
			);
			buildRules = (
			);
			dependencies = (
				C940225A28568AE90056A936 /* PBXTargetDependency */,
			);
			name = DirectHitTests;
			productName = DirectHitTests;
			productReference = C940225828568AE90056A936 /* DirectHitTests.xctest */;
			productType = "com.apple.product-type.bundle.unit-test";
		};
		C940226128568AE90056A936 /* DirectHitUITests */ = {
			isa = PBXNativeTarget;
			buildConfigurationList = C940227228568AE90056A936 /* Build configuration list for PBXNativeTarget "DirectHitUITests" */;
			buildPhases = (
				C940225E28568AE90056A936 /* Sources */,
				C940225F28568AE90056A936 /* Frameworks */,
				C940226028568AE90056A936 /* Resources */,
			);
			buildRules = (
			);
			dependencies = (
				C940226428568AE90056A936 /* PBXTargetDependency */,
			);
			name = DirectHitUITests;
			productName = DirectHitUITests;
			productReference = C940226228568AE90056A936 /* DirectHitUITests.xctest */;
			productType = "com.apple.product-type.bundle.ui-testing";
		};
/* End PBXNativeTarget section */

/* Begin PBXProject section */
		C940224028568AE90056A936 /* Project object */ = {
			isa = PBXProject;
			attributes = {
				BuildIndependentTargetsInParallel = 1;
				LastSwiftUpdateCheck = 1340;
				LastUpgradeCheck = 1340;
				TargetAttributes = {
					C940224728568AE90056A936 = {
						CreatedOnToolsVersion = 13.4.1;
					};
					C940225728568AE90056A936 = {
						CreatedOnToolsVersion = 13.4.1;
						TestTargetID = C940224728568AE90056A936;
					};
					C940226128568AE90056A936 = {
						CreatedOnToolsVersion = 13.4.1;
						TestTargetID = C940224728568AE90056A936;
					};
				};
			};
			buildConfigurationList = C940224328568AE90056A936 /* Build configuration list for PBXProject "DirectHit" */;
			compatibilityVersion = "Xcode 13.0";
			developmentRegion = en;
			hasScannedForEncodings = 0;
			knownRegions = (
				en,
				Base,
			);
			mainGroup = C940223F28568AE90056A936;
			productRefGroup = C940224928568AE90056A936 /* Products */;
			projectDirPath = "";
			projectRoot = "";
			targets = (
				C940224728568AE90056A936 /* DirectHit */,
				C940225728568AE90056A936 /* DirectHitTests */,
				C940226128568AE90056A936 /* DirectHitUITests */,
			);
		};
/* End PBXProject section */

/* Begin PBXResourcesBuildPhase section */
		C940224628568AE90056A936 /* Resources */ = {
			isa = PBXResourcesBuildPhase;
			buildActionMask = 2147483647;
			files = (
				C940225328568AE90056A936 /* Preview Assets.xcassets in Resources */,
				C940225028568AE90056A936 /* Assets.xcassets in Resources */,
			);
			runOnlyForDeploymentPostprocessing = 0;
		};
		C940225628568AE90056A936 /* Resources */ = {
			isa = PBXResourcesBuildPhase;
			buildActionMask = 2147483647;
			files = (
			);
			runOnlyForDeploymentPostprocessing = 0;
		};
		C940226028568AE90056A936 /* Resources */ = {
			isa = PBXResourcesBuildPhase;
			buildActionMask = 2147483647;
			files = (
			);
			runOnlyForDeploymentPostprocessing = 0;
		};
/* End PBXResourcesBuildPhase section */

/* Begin PBXSourcesBuildPhase section */
		C940224428568AE90056A936 /* Sources */ = {
			isa = PBXSourcesBuildPhase;
			buildActionMask = 2147483647;
			files = (
				C9B151B228583E22003294DB /* BackgroundView.swift in Sources */,
				C940224E28568AE90056A936 /* ContentView.swift in Sources */,
				C9B151AE28581353003294DB /* TextViews.swift in Sources */,
				C9F7012B285D4F4000D22A00 /* Constants.swift in Sources */,
				C9B151B028583A89003294DB /* RoundedViews.swift in Sources */,
				C933215C285C229700F1AF7A /* PointsView.swift in Sources */,
				C94022782856AEF40056A936 /* Game.swift in Sources */,
				C940224C28568AE90056A936 /* DirectHitApp.swift in Sources */,
			);
			runOnlyForDeploymentPostprocessing = 0;
		};
		C940225428568AE90056A936 /* Sources */ = {
			isa = PBXSourcesBuildPhase;
			buildActionMask = 2147483647;
			files = (
				C940225D28568AE90056A936 /* DirectHitTests.swift in Sources */,
			);
			runOnlyForDeploymentPostprocessing = 0;
		};
		C940225E28568AE90056A936 /* Sources */ = {
			isa = PBXSourcesBuildPhase;
			buildActionMask = 2147483647;
			files = (
				C940226728568AE90056A936 /* DirectHitUITests.swift in Sources */,
				C940226928568AE90056A936 /* DirectHitUITestsLaunchTests.swift in Sources */,
			);
			runOnlyForDeploymentPostprocessing = 0;
		};
/* End PBXSourcesBuildPhase section */

/* Begin PBXTargetDependency section */
		C940225A28568AE90056A936 /* PBXTargetDependency */ = {
			isa = PBXTargetDependency;
			target = C940224728568AE90056A936 /* DirectHit */;
			targetProxy = C940225928568AE90056A936 /* PBXContainerItemProxy */;
		};
		C940226428568AE90056A936 /* PBXTargetDependency */ = {
			isa = PBXTargetDependency;
			target = C940224728568AE90056A936 /* DirectHit */;
			targetProxy = C940226328568AE90056A936 /* PBXContainerItemProxy */;
		};
/* End PBXTargetDependency section */

/* Begin XCBuildConfiguration section */
		C940226A28568AE90056A936 /* Debug */ = {
			isa = XCBuildConfiguration;
			buildSettings = {
				ALWAYS_SEARCH_USER_PATHS = NO;
				CLANG_ANALYZER_NONNULL = YES;
				CLANG_ANALYZER_NUMBER_OBJECT_CONVERSION = YES_AGGRESSIVE;
				CLANG_CXX_LANGUAGE_STANDARD = "gnu++17";
				CLANG_ENABLE_MODULES = YES;
				CLANG_ENABLE_OBJC_ARC = YES;
				CLANG_ENABLE_OBJC_WEAK = YES;
				CLANG_WARN_BLOCK_CAPTURE_AUTORELEASING = YES;
				CLANG_WARN_BOOL_CONVERSION = YES;
				CLANG_WARN_COMMA = YES;
				CLANG_WARN_CONSTANT_CONVERSION = YES;
				CLANG_WARN_DEPRECATED_OBJC_IMPLEMENTATIONS = YES;
				CLANG_WARN_DIRECT_OBJC_ISA_USAGE = YES_ERROR;
				CLANG_WARN_DOCUMENTATION_COMMENTS = YES;
				CLANG_WARN_EMPTY_BODY = YES;
				CLANG_WARN_ENUM_CONVERSION = YES;
				CLANG_WARN_INFINITE_RECURSION = YES;
				CLANG_WARN_INT_CONVERSION = YES;
				CLANG_WARN_NON_LITERAL_NULL_CONVERSION = YES;
				CLANG_WARN_OBJC_IMPLICIT_RETAIN_SELF = YES;
				CLANG_WARN_OBJC_LITERAL_CONVERSION = YES;
				CLANG_WARN_OBJC_ROOT_CLASS = YES_ERROR;
				CLANG_WARN_QUOTED_INCLUDE_IN_FRAMEWORK_HEADER = YES;
				CLANG_WARN_RANGE_LOOP_ANALYSIS = YES;
				CLANG_WARN_STRICT_PROTOTYPES = YES;
				CLANG_WARN_SUSPICIOUS_MOVE = YES;
				CLANG_WARN_UNGUARDED_AVAILABILITY = YES_AGGRESSIVE;
				CLANG_WARN_UNREACHABLE_CODE = YES;
				CLANG_WARN__DUPLICATE_METHOD_MATCH = YES;
				COPY_PHASE_STRIP = NO;
				DEBUG_INFORMATION_FORMAT = dwarf;
				ENABLE_STRICT_OBJC_MSGSEND = YES;
				ENABLE_TESTABILITY = YES;
				GCC_C_LANGUAGE_STANDARD = gnu11;
				GCC_DYNAMIC_NO_PIC = NO;
				GCC_NO_COMMON_BLOCKS = YES;
				GCC_OPTIMIZATION_LEVEL = 0;
				GCC_PREPROCESSOR_DEFINITIONS = (
					"DEBUG=1",
					"$(inherited)",
				);
				GCC_WARN_64_TO_32_BIT_CONVERSION = YES;
				GCC_WARN_ABOUT_RETURN_TYPE = YES_ERROR;
				GCC_WARN_UNDECLARED_SELECTOR = YES;
				GCC_WARN_UNINITIALIZED_AUTOS = YES_AGGRESSIVE;
				GCC_WARN_UNUSED_FUNCTION = YES;
				GCC_WARN_UNUSED_VARIABLE = YES;
				IPHONEOS_DEPLOYMENT_TARGET = 15.5;
				MTL_ENABLE_DEBUG_INFO = INCLUDE_SOURCE;
				MTL_FAST_MATH = YES;
				ONLY_ACTIVE_ARCH = YES;
				SDKROOT = iphoneos;
				SWIFT_ACTIVE_COMPILATION_CONDITIONS = DEBUG;
				SWIFT_OPTIMIZATION_LEVEL = "-Onone";
			};
			name = Debug;
		};
		C940226B28568AE90056A936 /* Release */ = {
			isa = XCBuildConfiguration;
			buildSettings = {
				ALWAYS_SEARCH_USER_PATHS = NO;
				CLANG_ANALYZER_NONNULL = YES;
				CLANG_ANALYZER_NUMBER_OBJECT_CONVERSION = YES_AGGRESSIVE;
				CLANG_CXX_LANGUAGE_STANDARD = "gnu++17";
				CLANG_ENABLE_MODULES = YES;
				CLANG_ENABLE_OBJC_ARC = YES;
				CLANG_ENABLE_OBJC_WEAK = YES;
				CLANG_WARN_BLOCK_CAPTURE_AUTORELEASING = YES;
				CLANG_WARN_BOOL_CONVERSION = YES;
				CLANG_WARN_COMMA = YES;
				CLANG_WARN_CONSTANT_CONVERSION = YES;
				CLANG_WARN_DEPRECATED_OBJC_IMPLEMENTATIONS = YES;
				CLANG_WARN_DIRECT_OBJC_ISA_USAGE = YES_ERROR;
				CLANG_WARN_DOCUMENTATION_COMMENTS = YES;
				CLANG_WARN_EMPTY_BODY = YES;
				CLANG_WARN_ENUM_CONVERSION = YES;
				CLANG_WARN_INFINITE_RECURSION = YES;
				CLANG_WARN_INT_CONVERSION = YES;
				CLANG_WARN_NON_LITERAL_NULL_CONVERSION = YES;
				CLANG_WARN_OBJC_IMPLICIT_RETAIN_SELF = YES;
				CLANG_WARN_OBJC_LITERAL_CONVERSION = YES;
				CLANG_WARN_OBJC_ROOT_CLASS = YES_ERROR;
				CLANG_WARN_QUOTED_INCLUDE_IN_FRAMEWORK_HEADER = YES;
				CLANG_WARN_RANGE_LOOP_ANALYSIS = YES;
				CLANG_WARN_STRICT_PROTOTYPES = YES;
				CLANG_WARN_SUSPICIOUS_MOVE = YES;
				CLANG_WARN_UNGUARDED_AVAILABILITY = YES_AGGRESSIVE;
				CLANG_WARN_UNREACHABLE_CODE = YES;
				CLANG_WARN__DUPLICATE_METHOD_MATCH = YES;
				COPY_PHASE_STRIP = NO;
				DEBUG_INFORMATION_FORMAT = "dwarf-with-dsym";
				ENABLE_NS_ASSERTIONS = NO;
				ENABLE_STRICT_OBJC_MSGSEND = YES;
				GCC_C_LANGUAGE_STANDARD = gnu11;
				GCC_NO_COMMON_BLOCKS = YES;
				GCC_WARN_64_TO_32_BIT_CONVERSION = YES;
				GCC_WARN_ABOUT_RETURN_TYPE = YES_ERROR;
				GCC_WARN_UNDECLARED_SELECTOR = YES;
				GCC_WARN_UNINITIALIZED_AUTOS = YES_AGGRESSIVE;
				GCC_WARN_UNUSED_FUNCTION = YES;
				GCC_WARN_UNUSED_VARIABLE = YES;
				IPHONEOS_DEPLOYMENT_TARGET = 15.5;
				MTL_ENABLE_DEBUG_INFO = NO;
				MTL_FAST_MATH = YES;
				SDKROOT = iphoneos;
				SWIFT_COMPILATION_MODE = wholemodule;
				SWIFT_OPTIMIZATION_LEVEL = "-O";
				VALIDATE_PRODUCT = YES;
			};
			name = Release;
		};
		C940226D28568AE90056A936 /* Debug */ = {
			isa = XCBuildConfiguration;
			buildSettings = {
				ASSETCATALOG_COMPILER_APPICON_NAME = AppIcon;
				ASSETCATALOG_COMPILER_GLOBAL_ACCENT_COLOR_NAME = AccentColor;
				CODE_SIGN_STYLE = Automatic;
				CURRENT_PROJECT_VERSION = 1;
				DEVELOPMENT_ASSET_PATHS = "\"DirectHit/Preview Content\"";
				DEVELOPMENT_TEAM = TK2D96DLGZ;
				ENABLE_PREVIEWS = YES;
				GENERATE_INFOPLIST_FILE = YES;
				INFOPLIST_KEY_UIApplicationSceneManifest_Generation = YES;
				INFOPLIST_KEY_UIApplicationSupportsIndirectInputEvents = YES;
				INFOPLIST_KEY_UILaunchScreen_Generation = YES;
				INFOPLIST_KEY_UISupportedInterfaceOrientations_iPad = "UIInterfaceOrientationPortrait UIInterfaceOrientationPortraitUpsideDown UIInterfaceOrientationLandscapeLeft UIInterfaceOrientationLandscapeRight";
				INFOPLIST_KEY_UISupportedInterfaceOrientations_iPhone = "UIInterfaceOrientationPortrait UIInterfaceOrientationLandscapeLeft UIInterfaceOrientationLandscapeRight";
				LD_RUNPATH_SEARCH_PATHS = (
					"$(inherited)",
					"@executable_path/Frameworks",
				);
				MARKETING_VERSION = 1.0;
				PRODUCT_BUNDLE_IDENTIFIER = com.jguo.DirectHit;
				PRODUCT_NAME = "$(TARGET_NAME)";
				SWIFT_EMIT_LOC_STRINGS = YES;
				SWIFT_VERSION = 5.0;
				TARGETED_DEVICE_FAMILY = "1,2";
			};
			name = Debug;
		};
		C940226E28568AE90056A936 /* Release */ = {
			isa = XCBuildConfiguration;
			buildSettings = {
				ASSETCATALOG_COMPILER_APPICON_NAME = AppIcon;
				ASSETCATALOG_COMPILER_GLOBAL_ACCENT_COLOR_NAME = AccentColor;
				CODE_SIGN_STYLE = Automatic;
				CURRENT_PROJECT_VERSION = 1;
				DEVELOPMENT_ASSET_PATHS = "\"DirectHit/Preview Content\"";
				DEVELOPMENT_TEAM = TK2D96DLGZ;
				ENABLE_PREVIEWS = YES;
				GENERATE_INFOPLIST_FILE = YES;
				INFOPLIST_KEY_UIApplicationSceneManifest_Generation = YES;
				INFOPLIST_KEY_UIApplicationSupportsIndirectInputEvents = YES;
				INFOPLIST_KEY_UILaunchScreen_Generation = YES;
				INFOPLIST_KEY_UISupportedInterfaceOrientations_iPad = "UIInterfaceOrientationPortrait UIInterfaceOrientationPortraitUpsideDown UIInterfaceOrientationLandscapeLeft UIInterfaceOrientationLandscapeRight";
				INFOPLIST_KEY_UISupportedInterfaceOrientations_iPhone = "UIInterfaceOrientationPortrait UIInterfaceOrientationLandscapeLeft UIInterfaceOrientationLandscapeRight";
				LD_RUNPATH_SEARCH_PATHS = (
					"$(inherited)",
					"@executable_path/Frameworks",
				);
				MARKETING_VERSION = 1.0;
				PRODUCT_BUNDLE_IDENTIFIER = com.jguo.DirectHit;
				PRODUCT_NAME = "$(TARGET_NAME)";
				SWIFT_EMIT_LOC_STRINGS = YES;
				SWIFT_VERSION = 5.0;
				TARGETED_DEVICE_FAMILY = "1,2";
			};
			name = Release;
		};
		C940227028568AE90056A936 /* Debug */ = {
			isa = XCBuildConfiguration;
			buildSettings = {
				ALWAYS_EMBED_SWIFT_STANDARD_LIBRARIES = YES;
				BUNDLE_LOADER = "$(TEST_HOST)";
				CODE_SIGN_STYLE = Automatic;
				CURRENT_PROJECT_VERSION = 1;
				DEVELOPMENT_TEAM = TK2D96DLGZ;
				GENERATE_INFOPLIST_FILE = YES;
				IPHONEOS_DEPLOYMENT_TARGET = 15.5;
				MARKETING_VERSION = 1.0;
				PRODUCT_BUNDLE_IDENTIFIER = com.jguo.DirectHitTests;
				PRODUCT_NAME = "$(TARGET_NAME)";
				SWIFT_EMIT_LOC_STRINGS = NO;
				SWIFT_VERSION = 5.0;
				TARGETED_DEVICE_FAMILY = "1,2";
				TEST_HOST = "$(BUILT_PRODUCTS_DIR)/DirectHit.app/DirectHit";
			};
			name = Debug;
		};
		C940227128568AE90056A936 /* Release */ = {
			isa = XCBuildConfiguration;
			buildSettings = {
				ALWAYS_EMBED_SWIFT_STANDARD_LIBRARIES = YES;
				BUNDLE_LOADER = "$(TEST_HOST)";
				CODE_SIGN_STYLE = Automatic;
				CURRENT_PROJECT_VERSION = 1;
				DEVELOPMENT_TEAM = TK2D96DLGZ;
				GENERATE_INFOPLIST_FILE = YES;
				IPHONEOS_DEPLOYMENT_TARGET = 15.5;
				MARKETING_VERSION = 1.0;
				PRODUCT_BUNDLE_IDENTIFIER = com.jguo.DirectHitTests;
				PRODUCT_NAME = "$(TARGET_NAME)";
				SWIFT_EMIT_LOC_STRINGS = NO;
				SWIFT_VERSION = 5.0;
				TARGETED_DEVICE_FAMILY = "1,2";
				TEST_HOST = "$(BUILT_PRODUCTS_DIR)/DirectHit.app/DirectHit";
			};
			name = Release;
		};
		C940227328568AE90056A936 /* Debug */ = {
			isa = XCBuildConfiguration;
			buildSettings = {
				ALWAYS_EMBED_SWIFT_STANDARD_LIBRARIES = YES;
				CODE_SIGN_STYLE = Automatic;
				CURRENT_PROJECT_VERSION = 1;
				DEVELOPMENT_TEAM = TK2D96DLGZ;
				GENERATE_INFOPLIST_FILE = YES;
				MARKETING_VERSION = 1.0;
				PRODUCT_BUNDLE_IDENTIFIER = com.jguo.DirectHitUITests;
				PRODUCT_NAME = "$(TARGET_NAME)";
				SWIFT_EMIT_LOC_STRINGS = NO;
				SWIFT_VERSION = 5.0;
				TARGETED_DEVICE_FAMILY = "1,2";
				TEST_TARGET_NAME = DirectHit;
			};
			name = Debug;
		};
		C940227428568AE90056A936 /* Release */ = {
			isa = XCBuildConfiguration;
			buildSettings = {
				ALWAYS_EMBED_SWIFT_STANDARD_LIBRARIES = YES;
				CODE_SIGN_STYLE = Automatic;
				CURRENT_PROJECT_VERSION = 1;
				DEVELOPMENT_TEAM = TK2D96DLGZ;
				GENERATE_INFOPLIST_FILE = YES;
				MARKETING_VERSION = 1.0;
				PRODUCT_BUNDLE_IDENTIFIER = com.jguo.DirectHitUITests;
				PRODUCT_NAME = "$(TARGET_NAME)";
				SWIFT_EMIT_LOC_STRINGS = NO;
				SWIFT_VERSION = 5.0;
				TARGETED_DEVICE_FAMILY = "1,2";
				TEST_TARGET_NAME = DirectHit;
			};
			name = Release;
		};
/* End XCBuildConfiguration section */

/* Begin XCConfigurationList section */
		C940224328568AE90056A936 /* Build configuration list for PBXProject "DirectHit" */ = {
			isa = XCConfigurationList;
			buildConfigurations = (
				C940226A28568AE90056A936 /* Debug */,
				C940226B28568AE90056A936 /* Release */,
			);
			defaultConfigurationIsVisible = 0;
			defaultConfigurationName = Release;
		};
		C940226C28568AE90056A936 /* Build configuration list for PBXNativeTarget "DirectHit" */ = {
			isa = XCConfigurationList;
			buildConfigurations = (
				C940226D28568AE90056A936 /* Debug */,
				C940226E28568AE90056A936 /* Release */,
			);
			defaultConfigurationIsVisible = 0;
			defaultConfigurationName = Release;
		};
		C940226F28568AE90056A936 /* Build configuration list for PBXNativeTarget "DirectHitTests" */ = {
			isa = XCConfigurationList;
			buildConfigurations = (
				C940227028568AE90056A936 /* Debug */,
				C940227128568AE90056A936 /* Release */,
			);
			defaultConfigurationIsVisible = 0;
			defaultConfigurationName = Release;
		};
		C940227228568AE90056A936 /* Build configuration list for PBXNativeTarget "DirectHitUITests" */ = {
			isa = XCConfigurationList;
			buildConfigurations = (
				C940227328568AE90056A936 /* Debug */,
				C940227428568AE90056A936 /* Release */,
			);
			defaultConfigurationIsVisible = 0;
			defaultConfigurationName = Release;
		};
/* End XCConfigurationList section */
	};
	rootObject = C940224028568AE90056A936 /* Project object */;
}
